{
  "upstream": "github:davidvornholt/standards",
  "sha": "c3a6b3224dc11dffe32f47e350923dfed9c8b5ac",
  "files": {
    ".agents/skills/ci-pipelines/SKILL.md": "87728fdc98f9ac95df243ef4c1d44d616cc0440e2ae384da28dda83d627e00a0",
    ".agents/skills/database/agents/openai.yaml": "4c9f47df24219d5b195c88eef374431f64b453ed1ba057f50d4c11e4549343c1",
    ".agents/skills/database/SKILL.md": "cc89d5118e76537321ec3f7da1ef46fcbc7606ab6b44a630ef80373e6f28f988",
    ".agents/skills/declarative-infra/agents/openai.yaml": "d8631747495397fa341d956c20d7b3155b68f8f5a86b9d8015e654cb61e3d649",
    ".agents/skills/declarative-infra/references/bootstrap.md": "c58fbf33207d471364ab1ffe4aae870d0a6a9285f0a1160137cccf3ee5dd6f47",
    ".agents/skills/declarative-infra/references/image-promotion-contracts.md": "127b73ede1e3210e59cf8ac90c3a14b2401a486e32d0ee70f02ad08cc305b121",
    ".agents/skills/declarative-infra/references/image-promotion.md": "7b363f5f4b360cab3ea5f8366581e8b4bafdd33ef16284b9ef8ddea38517429f",
    ".agents/skills/declarative-infra/references/pr-previews.md": "6553e36e29976f736570661b757b23c246f45ee01ccafba6ad8ef35c2bd47a89",
    ".agents/skills/declarative-infra/references/secrets.md": "0c7f0a6c2a4243fc58a4568d426071720a58ae07f29cada1e63ac49b5026ef3f",
    ".agents/skills/declarative-infra/SKILL.md": "870e68c440404ae4bf45bbe6da472158e9047c61b73c45369810941a4c0202ee",
    ".agents/skills/frontend-design/LICENSE.txt": "0d542e0c8804e39aa7f37eb00da5a762149dc682d7829451287e11b938e94594",
    ".agents/skills/frontend-design/SKILL.md": "92e164e0553d9551688107161189fb8b9d936ebaf3c432f217d131fcb144ca3e",
    ".agents/skills/issues/SKILL.md": "c0e3304564a7b5d532bc69995ae86f0e45d3fdaa1bdc1b383fcf4dded7ac62d9",
    ".agents/skills/nextjs/SKILL.md": "f9cd2a37e05246f3a371efed3a71380c3b83f9c0ee32371d57ac0f4f260cd005",
    ".agents/skills/prs/SKILL.md": "03eadfac76d5b1e92a576e41e18d0eb64c3c98da6003f79dcda6fe0d069acddc",
    ".agents/skills/review-fix/SKILL.md": "0ed723a8d85ec0d8d320f1ccc58bee3afd25d7ceff0fc56fed482336034218c7",
    ".agents/skills/review/SKILL.md": "4ca22b900fda25a9d303b017b0059bcd4a29743f5f50f1c7d5d02f24efc9508c",
    ".agents/skills/screenshots-in-prs/agents/openai.yaml": "c412b92301b5d1ab50f62def7b845adf27b7a10bfd9491e270f544a7500661af",
    ".agents/skills/screenshots-in-prs/SKILL.md": "1b0992cf3d5a7c6a42ddfa66f0f3e7d233e1e94553e12f2e76d1915d7a358f21",
    ".agents/skills/secrets-and-config/SKILL.md": "5d8d0360ed533f507b441db5d703a091262cee9a3c40b22c6586a00f2e0b3081",
    ".agents/skills/standards-sync/agents/openai.yaml": "438b20601fde0e393a7d431f9795b6b9ac9bed256386d93ab414de917130c478",
    ".agents/skills/standards-sync/references/github.md": "5c764f71d0d691d218f23b33fa5abf4425dd70c6f637837e5d15b05e9c1c04cd",
    ".agents/skills/standards-sync/SKILL.md": "b04b516cf2bc333a4636f3d734022b115983b300df2300e962b9f95326711e62",
    ".agents/skills/unslop/agents/openai.yaml": "572b933f5f24d650386308d288ec3465a3e26ddcc95ec83e64b13fc46b8ab0ee",
    ".agents/skills/unslop/LICENSE.txt": "bc957ca6bee02792566a1a028d105e02e247c6e77cf057061674273da77b200e",
    ".agents/skills/unslop/SKILL.md": "181883e539caec8258ec9129e3ba5f133409144a2cbf2aa361158ab94cfc3441",
    ".agents/skills/ux-ui/SKILL.md": "b6edf5c2ccba99517542a147d38d5b8468fe2faf322ab04683a61fee5030be15",
    ".claude/agents/reviewer.md": "693e55cbae5f28954cefda6c475e97ddf62f4a58216c3cdf792852104b9e8d76",
    ".claude/skills": "46e7c0c6e8f3bd5ac2cb8978db058041d60b9034ba2a60c7268777a1438ff117",
    ".claude/workflows/review-pass.js": "4951b9eff3428495b7cf84e04f70d62b4ba90c5a7ccec70cfa25d5ecd732b0d5",
    ".codex/agents/reviewer.toml": "6b86c31a09e3c90d67002d00bc74a8435b5911168deba9466542a183e71cb487",
    ".github/actions/sops-secret/action.yml": "6dae98a22c0252a746ef74d7843896a3f2c3df08c812a8ed6ac7bb0cc646e400",
    ".github/dependabot.base.yml": "1ef94dc3ecc9e3e39f34042bb37cfbf128f8dcde56b14243d6315f1e1b783db3",
    ".github/settings.json": "a06b6aa69b27bf1c3b8ebf25d90131a9653f54bc1ec08384a92581627527911c",
    ".github/workflows/notify-pause.yml": "ea228580fb33b34dd5c41a690f09158807d4486cf0647e557f830486a6d7a0f3",
    ".github/workflows/standards-sync.yml": "5d77b45d539945967a9d61d6e4bb3b57b3d48ef6dad09017a3455a801657b7f2",
    ".github/workflows/standards.yml": "ce9af99341a549cb91b2ae430a6a774d20bdb6c0396fc2b7d9020c9815fcb26a",
    ".mise/config.toml": "650a919aa3f06f5dfe20a047250c84f7afbfcc8886862c4421c61e815d2fd3f6",
    "AGENTS.md": "3feb223fc28578673c7b8fd58a682250dba166a89487dfb389ac58c61387851a",
    "biome.base.jsonc": "abf829f063a411a369d6ab8241b0c1b37149ee7d444cb962e5050abdc1d10c4a",
    "CLAUDE.md": "336cc4fbf19beaada7ccf9986414fa91851a8d7a07dfb3ccbe800a69eed0ab49",
    "justfile": "2b52e2a98fbdbe43aef6134e08f1937642f7fb3aa46f195e94fb01793465a45c",
    "nix/standards-bun.nix": "5b1776c85e29fc3936f0bd5c9b3ef2832ecadf4508ef33c984cf8993e7a7012a",
    "packages/a11y-testing/package.json": "930542057f329fff22aab3c101e64e09fb2202221a671db75cd61b2025651470",
    "packages/a11y-testing/README.md": "73be1fcbf6e63df2e3e28cb3355fe03ee00452d82fa06497a01fd963dc4488be",
    "packages/a11y-testing/src/axe.ts": "8dc8fee67bc124ebef4b8eefa3aa8cc3deb22522fa134d455a8156d5b20a7949",
    "packages/a11y-testing/src/playwright-config.test.ts": "62f67cce7871f5be5f084e11b2b6a9733cfce064a3d2f82495c6c9653e4436c0",
    "packages/a11y-testing/src/playwright-config.ts": "bd406143242a5b4a8cdbda692b1d2a32c29dc515f167f4fe40755be6dc7f0f24",
    "packages/a11y-testing/tsconfig.json": "78e96c84b88e74d1831fef46c6a33f5d0de72035c6d82f7ea160cbe73718cf29",
    "packages/typescript-config/base.json": "f1b0c9514018f127d44a0704c95a09432b98b40bb870216a9139fa9a0783f36e",
    "packages/typescript-config/base.test.ts": "51c619e48bc470f0923ca3d39ccb03d8940ef36f22d5fbe56b403aeee26e3728",
    "packages/typescript-config/next.json": "ec79fbd3cd2f82ead753a4752b14cb761e33408df2288a6c1be7c13f701e2a84",
    "packages/typescript-config/package.json": "2deecbc7e719bae7f9cba069fa833e0da83554fd5f660e3c0c124c68c29eeea1",
    "packages/typescript-config/react-library.json": "0f363bb90f560d98dce4ac7d6032ba852515b7e426a7ff913e0868b77232e195",
    "packages/typescript-config/README.md": "903dab175409d4ffe042de6fc917fbefa27410ad9b61d3f7c387d26ec009f1f9",
    "packages/typescript-config/tanstack-start.json": "8a9102e47af6a72daab2b9f0baaa53dea98da19651fb01002dfe380ab9056cc5",
    "packages/typescript-config/tsconfig.json": "a7ad2417a335f31b5ce66273618ce64bf365a10a58cb06c598487a68ead7391c",
    "secrets.just": "c1d4d6557df5d96702179717839cee435b63df4f36fe38581a32a6359c6fd548",
    "sync-standards.json": "81de04114ab939898798ee19916e075ce36a8821446dbdd55637de31b6289305"
  }
}
